lockfileVersion: '9.0'

settings:
  autoInstallPeers: true
  excludeLinksFromLockfile: false

importers:

  .:
    dependencies:
      '@distube/deezer':
        specifier: ^2.0.1
        version: 2.0.1(distube@5.0.6(@discordjs/voice@0.18.0(opusscript@0.0.8))(discord.js@14.18.0))
      '@distube/direct-link':
        specifier: ^1.0.1
        version: 1.0.1(distube@5.0.6(@discordjs/voice@0.18.0(opusscript@0.0.8))(discord.js@14.18.0))
      '@distube/soundcloud':
        specifier: ^2.0.4
        version: 2.0.4(distube@5.0.6(@discordjs/voice@0.18.0(opusscript@0.0.8))(discord.js@14.18.0))
      '@distube/spotify':
        specifier: ^2.0.2
        version: 2.0.2(distube@5.0.6(@discordjs/voice@0.18.0(opusscript@0.0.8))(discord.js@14.18.0))
      '@distube/youtube':
        specifier: ^1.0.4
        version: 1.0.4(distube@5.0.6(@discordjs/voice@0.18.0(opusscript@0.0.8))(discord.js@14.18.0))
      '@distube/yt-dlp':
        specifier: ^2.0.1
        version: 2.0.1(distube@5.0.6(@discordjs/voice@0.18.0(opusscript@0.0.8))(discord.js@14.18.0))
      '@distube/ytsr':
        specifier: ^2.0.4
        version: 2.0.4
      chalk:
        specifier: ^4.1.2
        version: 4.1.2
      chillout:
        specifier: ^5.0.0
        version: 5.0.0
      delay:
        specifier: ^5.0.0
        version: 5.0.0
      discord.js:
        specifier: ^14.16.3
        version: 14.18.0
      distube:
        specifier: ^5.0.4
        version: 5.0.6(@discordjs/voice@0.18.0(opusscript@0.0.8))(discord.js@14.18.0)
      distube-apple-music:
        specifier: ^0.1.0
        version: 0.1.0(distube@5.0.6(@discordjs/voice@0.18.0(opusscript@0.0.8))(discord.js@14.18.0))
      distube-tidal:
        specifier: ^0.1.0
        version: 0.1.0(distube@5.0.6(@discordjs/voice@0.18.0(opusscript@0.0.8))(discord.js@14.18.0))
      dotenv:
        specifier: ^16.4.5
        version: 16.4.7
      figlet:
        specifier: ^1.8.0
        version: 1.8.0
      libsodium-wrappers:
        specifier: ^0.7.15
        version: 0.7.15
      lyrics-finder:
        specifier: ^21.7.0
        version: 21.7.0
      opusscript:
        specifier: ^0.0.8
        version: 0.0.8
      path:
        specifier: ^0.12.7
        version: 0.12.7
      plsargs:
        specifier: ^0.1.6
        version: 0.1.6
      recursive-readdir:
        specifier: ^2.2.3
        version: 2.2.3
      st.db:
        specifier: ^5.1.4
        version: 5.1.4
      stuffs:
        specifier: ^0.1.42
        version: 0.1.43

packages:

  '@discordjs/builders@1.10.1':
    resolution: {integrity: sha512-OWo1fY4ztL1/M/DUyRPShB4d/EzVfuUvPTRRHRIt/YxBrUYSz0a+JicD5F5zHFoNs2oTuWavxCOVFV1UljHTng==}
    engines: {node: '>=16.11.0'}

  '@discordjs/collection@1.5.3':
    resolution: {integrity: sha512-SVb428OMd3WO1paV3rm6tSjM4wC+Kecaa1EUGX7vc6/fddvw/6lg90z4QtCqm21zvVe92vMMDt9+DkIvjXImQQ==}
    engines: {node: '>=16.11.0'}

  '@discordjs/collection@2.1.1':
    resolution: {integrity: sha512-LiSusze9Tc7qF03sLCujF5iZp7K+vRNEDBZ86FT9aQAv3vxMLihUvKvpsCWiQ2DJq1tVckopKm1rxomgNUc9hg==}
    engines: {node: '>=18'}

  '@discordjs/formatters@0.6.0':
    resolution: {integrity: sha512-YIruKw4UILt/ivO4uISmrGq2GdMY6EkoTtD0oS0GvkJFRZbTSdPhzYiUILbJ/QslsvC9H9nTgGgnarnIl4jMfw==}
    engines: {node: '>=16.11.0'}

  '@discordjs/rest@2.4.3':
    resolution: {integrity: sha512-+SO4RKvWsM+y8uFHgYQrcTl/3+cY02uQOH7/7bKbVZsTfrfpoE62o5p+mmV+s7FVhTX82/kQUGGbu4YlV60RtA==}
    engines: {node: '>=18'}

  '@discordjs/util@1.1.1':
    resolution: {integrity: sha512-eddz6UnOBEB1oITPinyrB2Pttej49M9FZQY8NxgEvc3tq6ZICZ19m70RsmzRdDHk80O9NoYN/25AqJl8vPVf/g==}
    engines: {node: '>=18'}

  '@discordjs/voice@0.18.0':
    resolution: {integrity: sha512-BvX6+VJE5/vhD9azV9vrZEt9hL1G+GlOdsQaVl5iv9n87fkXjf3cSwllhR3GdaUC8m6dqT8umXIWtn3yCu4afg==}
    engines: {node: '>=18'}

  '@discordjs/ws@1.2.1':
    resolution: {integrity: sha512-PBvenhZG56a6tMWF/f4P6f4GxZKJTBG95n7aiGSPTnodmz4N5g60t79rSIAq7ywMbv8A4jFtexMruH+oe51aQQ==}
    engines: {node: '>=16.11.0'}

  '@distube/deezer@2.0.1':
    resolution: {integrity: sha512-cmQWMP5EiwceetaeZYWgDOhsBzMzh70BmCca3ZCDJHNLpLGb7268YdKQ2HVDhYiMm/P8+UG2fSu/Dbe7A8IiaQ==}
    peerDependencies:
      distube: '5'

  '@distube/direct-link@1.0.1':
    resolution: {integrity: sha512-NbUzRj1mVOkpmcUrjQ1KjfYDQEeS8uRWGPcgunNmRGdI+BQ5BG+pcHK1r6wMVwzaIdQrpg3X6Sh/T7uG3bdImg==}
    peerDependencies:
      distube: '5'

  '@distube/soundcloud@2.0.4':
    resolution: {integrity: sha512-Uc/1wDDfslu5frieENNudJBYnKmqNESzQ2MxtxpNK5d0vn6ll69g0atvQTtNt2PA4Pc+Glap1AkZXC+xjgiKKQ==}
    peerDependencies:
      distube: '5'

  '@distube/spotify@2.0.2':
    resolution: {integrity: sha512-rIncX05PhedMZuZyhgz7dt9y/nxir9KPmxUo6sBxfITQcztkXlG3r0EhKivp9+BRCQlEBO/GitRTHVwhRKtmLg==}
    peerDependencies:
      distube: '5'

  '@distube/youtube@1.0.4':
    resolution: {integrity: sha512-7iQbtLSv4kpgiX2XtP28CB3z2kgaxw6F8+jNu1RztnW7ckPK3N/8Ayl1yh41YpbrRIHbNMzIVTwguYG0s2ZOuA==}
    peerDependencies:
      distube: '5'

  '@distube/yt-dlp@2.0.1':
    resolution: {integrity: sha512-9c16lRU6jbyal38UUr5E36+2lp36s0DaJySOtFjuAPgaJkp2xvKvyd+s4rFZSqVQGJO5GOhBiH+HD115SKfKAw==}
    peerDependencies:
      distube: '5'

  '@distube/ytdl-core@4.16.5':
    resolution: {integrity: sha512-sl84k2iNVJSiONR+ZpXJOYKBqx4wnH/VrNClsQbMR7fIveBxLZnd6eBRP8IE6mwyaJTbbc7JEHarGB2i8eNH6A==}
    engines: {node: '>=20.18.1'}

  '@distube/ytpl@1.2.1':
    resolution: {integrity: sha512-cp9nDYyGTZ2DNHURQXS76ptKWijLMspoxJEj03i++9tJf0LFGTWkskL3sLwcY4qQPLXjlH9FAXwwpjVttdXvZQ==}
    engines: {node: '>=8'}

  '@distube/ytsr@2.0.4':
    resolution: {integrity: sha512-OiSWgARQ9LTj+dXt3jmMFzUH4l86VVCD4dVC4hEHNXdqp+DyU4QEzc+W6YY6//kWkvzTaUxOo7JUY7lBzwIF0A==}
    engines: {node: '>=14.0'}

  '@fastify/busboy@2.1.1':
    resolution: {integrity: sha512-vBZP4NlzfOlerQTnba4aqZoMhE/a9HY7HRqoOPaETQcSQuWEIyZMHGfVu6w9wGtGK5fED5qRs2DteVCjOH60sA==}
    engines: {node: '>=14'}

  '@sapphire/async-queue@1.5.5':
    resolution: {integrity: sha512-cvGzxbba6sav2zZkH8GPf2oGk9yYoD5qrNWdu9fRehifgnFZJMV+nuy2nON2roRO4yQQ+v7MK/Pktl/HgfsUXg==}
    engines: {node: '>=v14.0.0', npm: '>=7.0.0'}

  '@sapphire/shapeshift@4.0.0':
    resolution: {integrity: sha512-d9dUmWVA7MMiKobL3VpLF8P2aeanRTu6ypG2OIaEv/ZHH/SUQ2iHOVyi5wAPjQ+HmnMuL0whK9ez8I/raWbtIg==}
    engines: {node: '>=v16'}

  '@sapphire/snowflake@3.5.3':
    resolution: {integrity: sha512-jjmJywLAFoWeBi1W7994zZyiNWPIiqRRNAmSERxyg93xRGzNYvGjlZ0gR6x0F4gPRi2+0O6S71kOZYyr3cxaIQ==}
    engines: {node: '>=v14.0.0', npm: '>=7.0.0'}

  '@types/node@22.13.13':
    resolution: {integrity: sha512-ClsL5nMwKaBRwPcCvH8E7+nU4GxHVx1axNvMZTFHMEfNI7oahimt26P5zjVCRrjiIWj6YFXfE1v3dEp94wLcGQ==}

  '@types/ws@8.18.0':
    resolution: {integrity: sha512-8svvI3hMyvN0kKCJMvTJP/x6Y/EoQbepff882wL+Sn5QsXb3etnamgrJq4isrBxSJj5L2AuXcI0+bgkoAXGUJw==}

  '@vladfrangu/async_event_emitter@2.4.6':
    resolution: {integrity: sha512-RaI5qZo6D2CVS6sTHFKg1v5Ohq/+Bo2LZ5gzUEwZ/WkHhwtGTCB/sVLw8ijOkAUxasZ+WshN/Rzj4ywsABJ5ZA==}
    engines: {node: '>=v14.0.0', npm: '>=7.0.0'}

  agent-base@7.1.3:
    resolution: {integrity: sha512-jRR5wdylq8CkOe6hei19GGZnxM6rBGwFl3Bg0YItGDimvjGtAvdZk4Pu6Cl4u4Igsws4a1fd1Vq3ezrhn4KmFw==}
    engines: {node: '>= 14'}

  ansi-styles@4.3.0:
    resolution: {integrity: sha512-zbB9rCJAT1rbjiVDb2hqKFHNYLxgtk8NURxZ3IZwD3F6NtxbXZQCnnSi1Lkx+IDohdPlFp222wVALIheZJQSEg==}
    engines: {node: '>=8'}

  asynckit@0.4.0:
    resolution: {integrity: sha512-Oei9OH4tRh0YqU3GxhX79dM/mwVgvbZJaSNaRk+bshkj0S5cfHcgYakreBjrHwatXKbz+IoIdYLxrKim2MjW0Q==}

  balanced-match@1.0.2:
    resolution: {integrity: sha512-3oSeUO0TMV67hN1AmbXsK4yaqU7tjiHlbxRDZOpH0KW9+CeX4bRAaX0Anxt0tx2MrpRpWwQaPwIlISEJhYU5Pw==}

  boolbase@1.0.0:
    resolution: {integrity: sha512-JZOSA7Mo9sNGB8+UjSgzdLtokWAky1zbztM3WRLCbZ70/3cTANmQmOdR7y2g+J0e2WXywy1yS468tY+IruqEww==}

  brace-expansion@1.1.11:
    resolution: {integrity: sha512-iCuPHDFgrHX7H2vEI/5xpz07zSHB00TpugqhmYtVmMO6518mCuRMoOYFldEBl0g187ufozdaHgWKcYFb61qGiA==}

  call-bind-apply-helpers@1.0.2:
    resolution: {integrity: sha512-Sp1ablJ0ivDkSzjcaJdxEunN5/XvksFJ2sMBFfq6x0ryhQV/2b/KwFe21cMpmHtPOSij8K99/wSfoEuTObmuMQ==}
    engines: {node: '>= 0.4'}

  call-bound@1.0.4:
    resolution: {integrity: sha512-+ys997U96po4Kx/ABpBCqhA9EuxJaQWDQg7295H4hBphv3IZg0boBKuwYpt4YXp6MZ5AmZQnU/tyMTlRpaSejg==}
    engines: {node: '>= 0.4'}

  camel-case@4.1.2:
    resolution: {integrity: sha512-gxGWBrTT1JuMx6R+o5PTXMmUnhnVzLQ9SNutD4YqKtI6ap897t3tKECYla6gCWEkplXnlNybEkZg9GEGxKFCgw==}

  chalk@4.1.2:
    resolution: {integrity: sha512-oKnbhFyRIXpUuez8iBMmyEa4nbj4IOQyuhc/wy9kY7/WVPcwIO9VA668Pu8RkO7+0G76SLROeyw9CpQ061i4mA==}
    engines: {node: '>=10'}

  chillout@5.0.0:
    resolution: {integrity: sha512-xCyFUOrkOVBSaZ1pKXUZcrKhMsPkWh4jWPa9rp4zE+wHE5h4NTO7z8K5rLhV989dtQatDOoMhTe9Vi2S96QEhQ==}
    engines: {node: '>=8.10.0'}

  color-convert@2.0.1:
    resolution: {integrity: sha512-RRECPsj7iu/xb5oKYcsFHSppFNnsj/52OVTRKb4zP5onXwVF3zVmmToNcOfGC+CRDpfK/U584fMg38ZHCaElKQ==}
    engines: {node: '>=7.0.0'}

  color-name@1.1.4:
    resolution: {integrity: sha512-dOy+3AuW3a2wNbZHIuMZpTcgjGuLU/uBL/ubcZF9OXbDo8ff4O8yVp5Bf0efS8uEoYo5q4Fx7dY9OgQGXgAsQA==}

  combined-stream@1.0.8:
    resolution: {integrity: sha512-FQN4MRfuJeHf7cBbBMJFXhKSDq+2kAArBlmRBvcvFE5BB1HZKXtSFASDhdlz9zOYwxh8lDdnvmMOe/+5cdoEdg==}
    engines: {node: '>= 0.8'}

  component-emitter@1.3.1:
    resolution: {integrity: sha512-T0+barUSQRTUQASh8bx02dl+DhF54GtIDY13Y3m9oWTklKbb3Wv974meRpeZ3lp1JpLVECWWNHC4vaG2XHXouQ==}

  concat-map@0.0.1:
    resolution: {integrity: sha512-/Srv4dswyQNBfohGpz9o6Yb3Gz3SrUDqBH5rTuhGR7ahtlbYKnVxw2bCFMRljaA7EXHaXZ8wsHdodFvbkhKmqg==}

  cookiejar@2.1.4:
    resolution: {integrity: sha512-LDx6oHrK+PhzLKJU9j5S7/Y3jM/mUHvD/DeI1WQmJn652iPC5Y4TBzC9l+5OMOXlyTTA+SmVUPm0HQUwpD5Jqw==}

  css-select@5.1.0:
    resolution: {integrity: sha512-nwoRF1rvRRnnCqqY7updORDsuqKzqYJ28+oSMaJMMgOauh3fvwHqMS7EZpIPqK8GL+g9mKxF1vP/ZjSeNjEVHg==}

  css-what@6.1.0:
    resolution: {integrity: sha512-HTUrgRJ7r4dsZKU6GjmpfRK1O76h97Z8MfS1G0FozR+oF2kG6Vfe8JE6zwrkbxigziPHinCJ+gCPjA9EaBDtRw==}
    engines: {node: '>= 6'}

  dargs@7.0.0:
    resolution: {integrity: sha512-2iy1EkLdlBzQGvbweYRFxmFath8+K7+AKB0TlhHWkNuH+TmovaMH/Wp7V7R4u7f4SnX3OgLsU9t1NI9ioDnUpg==}
    engines: {node: '>=8'}

  data-uri-to-buffer@4.0.1:
    resolution: {integrity: sha512-0R9ikRb668HB7QDxT1vkpuUBtqc53YyAwMwGeUFKRojY/NWKvdZ+9UYtRfGmhqNbRkTSVpMbmyhXipFFv2cb/A==}
    engines: {node: '>= 12'}

  debug@4.4.0:
    resolution: {integrity: sha512-6WTZ/IxCY/T6BALoZHaE4ctp9xm+Z5kY/pzYaCHRFeyVhojxlrm+46y68HA6hr0TcwEssoxNiDEUJQjfPZ/RYA==}
    engines: {node: '>=6.0'}
    peerDependencies:
      supports-color: '*'
    peerDependenciesMeta:
      supports-color:
        optional: true

  delay@5.0.0:
    resolution: {integrity: sha512-ReEBKkIfe4ya47wlPYf/gu5ib6yUG0/Aez0JQZQz94kiWtRQvZIQbTiehsnwHvLSWJnQdhVeqYue7Id1dKr0qw==}
    engines: {node: '>=10'}

  delayed-stream@1.0.0:
    resolution: {integrity: sha512-ZySD7Nf91aLB0RxL4KGrKHBXl7Eds1DAmEdcoVawXnLD7SDhpNgtuII2aAkg7a7QS41jxPSZ17p4VdGnMHk3MQ==}
    engines: {node: '>=0.4.0'}

  discord-api-types@0.37.119:
    resolution: {integrity: sha512-WasbGFXEB+VQWXlo6IpW3oUv73Yuau1Ig4AZF/m13tXcTKnMpc/mHjpztIlz4+BM9FG9BHQkEXiPto3bKduQUg==}

  discord.js@14.18.0:
    resolution: {integrity: sha512-SvU5kVUvwunQhN2/+0t55QW/1EHfB1lp0TtLZUSXVHDmyHTrdOj5LRKdR0zLcybaA15F+NtdWuWmGOX9lE+CAw==}
    engines: {node: '>=18'}

  distube-apple-music@0.1.0:
    resolution: {integrity: sha512-f+YMXZ5+9RX7HTvtp0V51A987RwiniiCyDzwy0ZFVFgWQq0EPqziYEmZ5D1RSZ6c5s6+YCc9vIC8KPulezdhIw==}
    peerDependencies:
      distube: '5'

  distube-tidal@0.1.0:
    resolution: {integrity: sha512-0+N/z/eI1+TcaIuI4NizoEsBxBsWOGFq5zkT6yj4YjGYjKtbcPx9Ir/VuKLs5VGPWylSlQIjSjQx2SC0Plop3w==}
    peerDependencies:
      distube: '5'

  distube@5.0.6:
    resolution: {integrity: sha512-eXcg76SQ+1BWcs/rXMFlU9mj8OAtPSKLrJvBzbWUFNasfr5rb5/T/SckKy8lnnDQzcADxafHEtBm+73EfQ4JDw==}
    engines: {node: '>=18.17'}
    peerDependencies:
      '@discordjs/voice': '*'
      discord.js: '14'

  dom-serializer@0.2.2:
    resolution: {integrity: sha512-2/xPb3ORsQ42nHYiSunXkDjPLBaEj/xTwUO4B7XCZQTRk7EBtTOPaygh10YAAh2OI1Qrp6NWfpAhzswj0ydt9g==}

  dom-serializer@2.0.0:
    resolution: {integrity: sha512-wIkAryiqt/nV5EQKqQpo3SToSOV9J0DnbJqwK7Wv/Trc92zIAYZ4FlMu+JPFW1DfGFt81ZTCGgDEabffXeLyJg==}

  domelementtype@1.3.1:
    resolution: {integrity: sha512-BSKB+TSpMpFI/HOxCNr1O8aMOTZ8hT3pM3GQ0w/mWRmkhEDSFJkkyzz4XQsBV44BChwGkrDfMyjVD0eA2aFV3w==}

  domelementtype@2.3.0:
    resolution: {integrity: sha512-OLETBj6w0OsagBwdXnPdN0cnMfF9opN69co+7ZrbfPGrdpPVNBUj02spi6B1N7wChLQiPn4CSH/zJvXw56gmHw==}

  domhandler@2.4.2:
    resolution: {integrity: sha512-JiK04h0Ht5u/80fdLMCEmV4zkNh2BcoMFBmZ/91WtYZ8qVXSKjiw7fXMgFPnHcSZgOo3XdinHvmnDUeMf5R4wA==}

  domhandler@5.0.3:
    resolution: {integrity: sha512-cgwlv/1iFQiFnU96XXgROh8xTeetsnJiDsTc7TYCLFd9+/WNkIqPTxiM/8pSd8VIrhXGTf1Ny1q1hquVqDJB5w==}
    engines: {node: '>= 4'}

  domutils@1.7.0:
    resolution: {integrity: sha512-Lgd2XcJ/NjEw+7tFvfKxOzCYKZsdct5lczQ2ZaQY8Djz7pfAD3Gbp8ySJWtreII/vDlMVmxwa6pHmdxIYgttDg==}

  domutils@3.2.2:
    resolution: {integrity: sha512-6kZKyUajlDuqlHKVX1w7gyslj9MPIXzIFiz/rGu35uC1wMi+kMhQwGhl4lt9unC9Vb9INnY9Z3/ZA3+FhASLaw==}

  dotenv@16.4.7:
    resolution: {integrity: sha512-47qPchRCykZC03FhkYAhrvwU4xDBFIj1QPqaarj6mdM/hgUzfPHcpkHJOn3mJAufFeeAxAzeGsr5X0M4k6fLZQ==}
    engines: {node: '>=12'}

  dunder-proto@1.0.1:
    resolution: {integrity: sha512-KIN/nDJBQRcXw0MLVhZE9iQHmG68qAVIBg9CqmUYjmQIhgij9U5MFvrqkUL5FbtyyzZuOeOt0zdeRe4UY7ct+A==}
    engines: {node: '>= 0.4'}

  encoding@0.1.13:
    resolution: {integrity: sha512-ETBauow1T35Y/WZMkio9jiM0Z5xjHHmJ4XmjZOq1l/dXz3lr2sRn87nJy20RupqSh1F2m3HHPSp8ShIPQJrJ3A==}

  entities@1.1.2:
    resolution: {integrity: sha512-f2LZMYl1Fzu7YSBKg+RoROelpOaNrcGmE9AZubeDfrCEia483oW4MI4VyFd5VNHIgQ/7qm1I0wUHK1eJnn2y2w==}

  entities@2.2.0:
    resolution: {integrity: sha512-p92if5Nz619I0w+akJrLZH0MX0Pb5DX39XOwQTtXSdQQOaYH03S1uIQp4mhOZtAXrxq4ViO67YTiLBo2638o9A==}

  entities@4.5.0:
    resolution: {integrity: sha512-V0hjH4dGPh9Ao5p0MoRY6BVqtwCjhz6vI5LT8AJ55H+4g9/4vbHx1I54fS0XuclLhDHArPQCiMjDxjaL8fPxhw==}
    engines: {node: '>=0.12'}

  es-define-property@1.0.1:
    resolution: {integrity: sha512-e3nRfgfUZ4rNGL232gUgX06QNyyez04KdjFrF+LTRoOXmrOgFKDg4BCdsjW8EnT69eqdYGmRpJwiPVYNrCaW3g==}
    engines: {node: '>= 0.4'}

  es-errors@1.3.0:
    resolution: {integrity: sha512-Zf5H2Kxt2xjTvbJvP2ZWLEICxA6j+hAmMzIlypy4xcBg1vKVnx89Wy0GbS+kf5cwCVFFzdCFh2XSCFNULS6csw==}
    engines: {node: '>= 0.4'}

  es-object-atoms@1.1.1:
    resolution: {integrity: sha512-FGgH2h8zKNim9ljj7dankFPcICIK9Cp5bm+c2gQSYePhpaG5+esrLODihIorn+Pe6FGJzWhXQotPv73jTaldXA==}
    engines: {node: '>= 0.4'}

  es-set-tostringtag@2.1.0:
    resolution: {integrity: sha512-j6vWzfrGVfyXxge+O0x5sh6cvxAog0a/4Rdd2K36zCMV5eJ+/+tOAngRO8cODMNWbVRdVlmGZQL2YS3yR8bIUA==}
    engines: {node: '>= 0.4'}

  fast-deep-equal@3.1.3:
    resolution: {integrity: sha512-f3qQ9oQy9j2AhBe/H9VC91wLmKBCCU/gDOnKNAYG5hswO7BLKj09Hc5HYNz9cGI++xlpDCIgDaitVs03ATR84Q==}

  fast-safe-stringify@2.1.1:
    resolution: {integrity: sha512-W+KJc2dmILlPplD/H4K9l9LcAHAfPtP6BY84uVLXQ6Evcz9Lcg33Y2z1IVblT6xdY54PXYVHEv+0Wpq8Io6zkA==}

  fetch-blob@3.2.0:
    resolution: {integrity: sha512-7yAQpD2UMJzLi1Dqv7qFYnPbaPx7ZfFK6PiIxQ4PfkGPyNyl2Ugx+a/umUonmKqjhM4DnfbMvdX6otXq83soQQ==}
    engines: {node: ^12.20 || >= 14.13}

  figlet@1.8.0:
    resolution: {integrity: sha512-chzvGjd+Sp7KUvPHZv6EXV5Ir3Q7kYNpCr4aHrRW79qFtTefmQZNny+W1pW9kf5zeE6dikku2W50W/wAH2xWgw==}
    engines: {node: '>= 0.4.0'}
    hasBin: true

  form-data@3.0.3:
    resolution: {integrity: sha512-q5YBMeWy6E2Un0nMGWMgI65MAKtaylxfNJGJxpGh45YDciZB4epbWpaAfImil6CPAPTYB4sh0URQNDRIZG5F2w==}
    engines: {node: '>= 6'}

  formdata-polyfill@4.0.10:
    resolution: {integrity: sha512-buewHzMvYL29jdeQTVILecSaZKnt/RJWjoZCF5OW60Z67/GmSLBkOFM7qh1PI3zFNtJbaZL5eQu1vLfazOwj4g==}
    engines: {node: '>=12.20.0'}

  formidable@1.2.6:
    resolution: {integrity: sha512-KcpbcpuLNOwrEjnbpMC0gS+X8ciDoZE1kkqzat4a8vrprf+s9pKNQ/QIwWfbfs4ltgmFl3MD177SNTkve3BwGQ==}
    deprecated: 'Please upgrade to latest, formidable@v2 or formidable@v3! Check these notes: https://bit.ly/2ZEqIau'

  function-bind@1.1.2:
    resolution: {integrity: sha512-7XHNxH7qX9xG5mIwxkhumTox/MIRNcOgDrxWsMt2pAr23WHp6MrRlN7FBSFpCpr+oVO0F744iUgR82nJMfG2SA==}

  get-intrinsic@1.3.0:
    resolution: {integrity: sha512-9fSjSaos/fRIVIp+xSJlE6lfwhES7LNtKaCBIamHsjr2na1BiABJPo0mOjjz8GJDURarmCPGqaiVg5mfjb98CQ==}
    engines: {node: '>= 0.4'}

  get-proto@1.0.1:
    resolution: {integrity: sha512-sTSfBjoXBp89JvIKIefqw7U2CCebsc74kiY6awiGogKtoSGbgjYE/G/+l9sF3MWFPNc9IcoOC4ODfKHfxFmp0g==}
    engines: {node: '>= 0.4'}

  gopd@1.2.0:
    resolution: {integrity: sha512-ZUKRh6/kUFoAiTAtTYPZJ3hw9wNxx+BIBOijnlG9PnrJsCcSjs1wyyD6vJpaYtgnzDrKYRSqf3OO6Rfa93xsRg==}
    engines: {node: '>= 0.4'}

  has-flag@4.0.0:
    resolution: {integrity: sha512-EykJT/Q1KjTWctppgIAgfSO0tKVuZUjhgMr17kqTumMl6Afv3EISleU7qZUzoXDFTAHTDC4NOoG/ZxU3EvlMPQ==}
    engines: {node: '>=8'}

  has-symbols@1.1.0:
    resolution: {integrity: sha512-1cDNdwJ2Jaohmb3sg4OmKaMBwuC48sYni5HUw2DvsC8LjGTLK9h+eb1X6RyuOHe4hT0ULCW68iomhjUoKUqlPQ==}
    engines: {node: '>= 0.4'}

  has-tostringtag@1.0.2:
    resolution: {integrity: sha512-NqADB8VjPFLM2V0VvHUewwwsw0ZWBaIdgo+ieHtK3hasLz4qeCRjYcqfB6AQrBggRKppKF8L52/VqdVsO47Dlw==}
    engines: {node: '>= 0.4'}

  hasown@2.0.2:
    resolution: {integrity: sha512-0hJU9SCPvmMzIBdZFqNPXWa6dqh7WdH0cII9y+CyS8rG3nL48Bclra9HmKhVVUHyPWNH5Y7xDwAB7bfgSjkUMQ==}
    engines: {node: '>= 0.4'}

  he@1.2.0:
    resolution: {integrity: sha512-F/1DnUGPopORZi0ni+CvrCgHQ5FyEAHRLSApuYWMmrbSwoN2Mn/7k+Gl38gJnR7yyDZk6WLXwiGod1JOWNDKGw==}
    hasBin: true

  himalaya@1.1.0:
    resolution: {integrity: sha512-LLase1dHCRMel68/HZTFft0N0wti0epHr3nNY7ynpLbyZpmrKMQ8YIpiOV77TM97cNpC8Wb2n6f66IRggwdWPw==}

  html-to-text@5.1.1:
    resolution: {integrity: sha512-Bci6bD/JIfZSvG4s0gW/9mMKwBRoe/1RWLxUME/d6WUSZCdY7T60bssf/jFf7EYXRyqU4P5xdClVqiYU0/ypdA==}
    engines: {node: '>= 4.0.0'}
    hasBin: true

  htmlparser2@3.10.1:
    resolution: {integrity: sha512-IgieNijUMbkDovyoKObU1DUhm1iwNYE/fuifEoEHfd1oZKZDaONBSkal7Y01shxsM49R4XaMdGez3WnF9UfiCQ==}

  http-cookie-agent@6.0.8:
    resolution: {integrity: sha512-qnYh3yLSr2jBsTYkw11elq+T361uKAJaZ2dR4cfYZChw1dt9uL5t3zSUwehoqqVb4oldk1BpkXKm2oat8zV+oA==}
    engines: {node: '>=18.0.0'}
    peerDependencies:
      tough-cookie: ^4.0.0 || ^5.0.0
      undici: ^5.11.0 || ^6.0.0
    peerDependenciesMeta:
      undici:
        optional: true

  https-proxy-agent@7.0.6:
    resolution: {integrity: sha512-vK9P5/iUfdl95AI+JVyUuIcVtd4ofvtrOr3HNtM2yxC9bnMbEdp3x01OhQNnjb8IJYi38VlTE3mBXwcfvywuSw==}
    engines: {node: '>= 14'}

  iconv-lite@0.6.3:
    resolution: {integrity: sha512-4fCk79wshMdzMp2rH06qWrJE4iolqLhCUH+OiuIgU++RB0+94NlDL81atO7GX55uUKueo0txHNtvEyI6D7WdMw==}
    engines: {node: '>=0.10.0'}

  inherits@2.0.3:
    resolution: {integrity: sha512-x00IRNXNy63jwGkJmzPigoySHbaqpNuzKbBOmzK+g2OdZpQ9w+sxCN+VSB3ja7IAge2OP2qpfxTjeNcyjmW1uw==}

  inherits@2.0.4:
    resolution: {integrity: sha512-k/vGaX4/Yla3WzyMCvTQOXYeIHvqOKtnqBduzTHpzpQZzAskKMhZ2K+EnBiSM9zGSoIFeMpXKxa4dYeZIQqewQ==}

  isomorphic-unfetch@4.0.2:
    resolution: {integrity: sha512-1Yd+CF/7al18/N2BDbsLBcp6RO3tucSW+jcLq24dqdX5MNbCNTw1z4BsGsp4zNmjr/Izm2cs/cEqZPp4kvWSCA==}

  itty-fetcher@0.9.4:
    resolution: {integrity: sha512-o5YpTmov46EbzTrrVpeR9sRK3itWa32VsV9Fv04CzzDm1ZvAXG0RoOGjT9ECOwyipheNf4eLTkstfbRtG8Epgg==}

  libsodium-wrappers@0.7.15:
    resolution: {integrity: sha512-E4anqJQwcfiC6+Yrl01C1m8p99wEhLmJSs0VQqST66SbQXXBoaJY0pF4BNjRYa/sOQAxx6lXAaAFIlx+15tXJQ==}

  libsodium@0.7.15:
    resolution: {integrity: sha512-sZwRknt/tUpE2AwzHq3jEyUU5uvIZHtSssktXq7owd++3CSgn8RGrv6UZJJBpP7+iBghBqe7Z06/2M31rI2NKw==}

  lodash.snakecase@4.1.1:
    resolution: {integrity: sha512-QZ1d4xoBHYUeuouhEq3lk3Uq7ldgyFXGBhg04+oRLnIz8o9T65Eh+8YdroUwn846zchkA9yDsDl5CVVaV2nqYw==}

  lodash@4.17.21:
    resolution: {integrity: sha512-v2kDEe57lecTulaDIuNTPy3Ry4gLGJ6Z1O3vE1krgXZNrsQ+LFTGHVxVjcXPs17LhbZVGedAJv8XZ1tvj5FvSg==}

  lower-case@2.0.2:
    resolution: {integrity: sha512-7fm3l3NAF9WfN6W3JOmf5drwpVqX78JtoGJ3A6W0a6ZnldM41w2fV5D490psKFTpMds8TJse/eHLFFsNHHjHgg==}

  lyrics-finder@21.7.0:
    resolution: {integrity: sha512-AMaJ+MdbdemYOWM1Kxd/vzn23OD66/fdemaJWN9dU0qsxK6d09rODSphygAvaGka6mgfHaFlHN+ETHv/d60ftw==}
    hasBin: true

  m3u8stream@0.8.6:
    resolution: {integrity: sha512-LZj8kIVf9KCphiHmH7sbFQTVe4tOemb202fWwvJwR9W5ENW/1hxJN6ksAWGhQgSBSa3jyWhnjKU1Fw1GaOdbyA==}
    engines: {node: '>=12'}

  magic-bytes.js@1.10.0:
    resolution: {integrity: sha512-/k20Lg2q8LE5xiaaSkMXk4sfvI+9EGEykFS4b0CHHGWqDYU0bGUFSwchNOMA56D7TCs9GwVTkqe9als1/ns8UQ==}

  math-intrinsics@1.1.0:
    resolution: {integrity: sha512-/IXtbwEk5HTPyEwyKX6hGkYXxM9nbj64B+ilVJnC/R6B0pH5G4V3b0pVbL7DBj4tkhBAppbQUlf6F6Xl9LHu1g==}
    engines: {node: '>= 0.4'}

  methods@1.1.2:
    resolution: {integrity: sha512-iclAHeNqNm68zFtnZ0e+1L2yUIdvzNoauKU4WBA3VvH/vPFieF7qfRlwUZU+DA9P9bPXIS90ulxoUoCH23sV2w==}
    engines: {node: '>= 0.6'}

  mime-db@1.52.0:
    resolution: {integrity: sha512-sPU4uV7dYlvtWJxwwxHD0PuihVNiE7TyAbQ5SWxDCB9mUYvOgroQOwYQQOKPJ8CIbE+1ETVlOoK1UC2nU3gYvg==}
    engines: {node: '>= 0.6'}

  mime-types@2.1.35:
    resolution: {integrity: sha512-ZDY+bPm5zTTF+YpCrAU9nK0UgICYPT0QtT1NZWFv4s++TNkcgVaT0g6+4R2uI4MjQjzysHB1zxuWL50hzaeXiw==}
    engines: {node: '>= 0.6'}

  mime@2.6.0:
    resolution: {integrity: sha512-USPkMeET31rOMiarsBNIHZKLGgvKc/LrjofAnBlOttf5ajRvqiRA8QsenbcooctK6d6Ts6aqZXBA+XbkKthiQg==}
    engines: {node: '>=4.0.0'}
    hasBin: true

  miniget@4.2.3:
    resolution: {integrity: sha512-SjbDPDICJ1zT+ZvQwK0hUcRY4wxlhhNpHL9nJOB2MEAXRGagTljsO8MEDzQMTFf0Q8g4QNi8P9lEm/g7e+qgzA==}
    engines: {node: '>=12'}

  minimatch@3.1.2:
    resolution: {integrity: sha512-J7p63hRiAjw1NDEww1W7i37+ByIrOWO5XQQAzZ3VOcL0PNybwpfmV/N05zFAzwQ9USyEcX6t3UO+K5aqBQOIHw==}

  minimist@1.2.8:
    resolution: {integrity: sha512-2yyAR8qBkN3YuheJanUpWC5U3bb5osDywNB8RzDVlDwDHbocAJveqqj1u8+SVD7jkWT4yvsHCpWqqWqAxb0zCA==}

  ms@2.1.3:
    resolution: {integrity: sha512-6FlzubTLZG3J2a/NVCAleEhjzq5oxgHyaCU9yYXvcLsvoVaHJq/s5xXI6/XXP6tz7R9xAOtHnSO/tXtF3WRTlA==}

  no-case@3.0.4:
    resolution: {integrity: sha512-fgAN3jGAh+RoxUGZHTSOLJIqUc2wmoBwGR4tbpNAKmmovFoWq0OdRkb0VkldReO2a2iBT/OEulG9XSUc10r3zg==}

  node-domexception@1.0.0:
    resolution: {integrity: sha512-/jKZoMpw0F8GRwl4/eLROPA3cfcXtLApP0QzLmUT/HuPCZWyB7IY9ZrMeKw2O/nFIqPQB3PVM9aYm0F312AXDQ==}
    engines: {node: '>=10.5.0'}

  node-fetch@2.7.0:
    resolution: {integrity: sha512-c4FRfUm/dbcWZ7U+1Wq0AwCyFL+3nt2bEw05wfxSz+DWpWsitgmSgYmy2dQdWyKC1694ELPqMs/YzUSNozLt8A==}
    engines: {node: 4.x || >=6.0.0}
    peerDependencies:
      encoding: ^0.1.0
    peerDependenciesMeta:
      encoding:
        optional: true

  node-fetch@3.3.2:
    resolution: {integrity: sha512-dRB78srN/l6gqWulah9SrxeYnxeddIG30+GOqK/9OlLVyLg3HPnr6SqOWTWOXKRwC2eGYCkZ59NNuSgvSrpgOA==}
    engines: {node: ^12.20.0 || ^14.13.1 || >=16.0.0}

  node-html-parser@6.1.13:
    resolution: {integrity: sha512-qIsTMOY4C/dAa5Q5vsobRpOOvPfC4pB61UVW2uSwZNUp0QU/jCekTal1vMmbO0DgdHeLUJpv/ARmDqErVxA3Sg==}

  nth-check@2.1.1:
    resolution: {integrity: sha512-lqjrjmaOoAnWfMmBPL+XNnynZh2+swxiX3WUE0s4yEHI6m+AwrK2UZOimIRl3X/4QctVqS8AiZjFqyOGrMXb/w==}

  object-inspect@1.13.4:
    resolution: {integrity: sha512-W67iLl4J2EXEGTbfeHCffrjDfitvLANg0UlX3wFUUSTx92KXRFegMHUVgSqE+wvhAbi4WqjGg9czysTV2Epbew==}
    engines: {node: '>= 0.4'}

  opusscript@0.0.8:
    resolution: {integrity: sha512-VSTi1aWFuCkRCVq+tx/BQ5q9fMnQ9pVZ3JU4UHKqTkf0ED3fKEPdr+gKAAl3IA2hj9rrP6iyq3hlcJq3HELtNQ==}

  pascal-case@3.1.2:
    resolution: {integrity: sha512-uWlGT3YSnK9x3BQJaOdcZwrnV6hPpd8jFH1/ucpiLRPh/2zCVJKS19E4GvYHvaCcACn3foXZ0cLB9Wrx1KGe5g==}

  path@0.12.7:
    resolution: {integrity: sha512-aXXC6s+1w7otVF9UletFkFcDsJeO7lSZBPUQhtb5O0xJe8LtYhj/GxldoL09bBj9+ZmE2hNoHqQSFMN5fikh4Q==}

  plsargs@0.1.6:
    resolution: {integrity: sha512-WQz2xmuliJ8HtNsSKhEQf9dA148NZB0uWiCKKRssI24nHERXNU1kbj/wnN4JIoV1pXJe0O4mcteMy6eZczBA3A==}

  prism-media@1.3.5:
    resolution: {integrity: sha512-IQdl0Q01m4LrkN1EGIE9lphov5Hy7WWlH6ulf5QdGePLlPas9p2mhgddTEHrlaXYjjFToM1/rWuwF37VF4taaA==}
    peerDependencies:
      '@discordjs/opus': '>=0.8.0 <1.0.0'
      ffmpeg-static: ^5.0.2 || ^4.2.7 || ^3.0.0 || ^2.4.0
      node-opus: ^0.3.3
      opusscript: ^0.0.8
    peerDependenciesMeta:
      '@discordjs/opus':
        optional: true
      ffmpeg-static:
        optional: true
      node-opus:
        optional: true
      opusscript:
        optional: true

  process@0.11.10:
    resolution: {integrity: sha512-cdGef/drWFoydD1JsMzuFf8100nZl+GT+yacc2bEced5f9Rjk4z+WtFUTBu9PhOi9j/jfmBPu0mMEY4wIdAF8A==}
    engines: {node: '>= 0.6.0'}

  qs@6.14.0:
    resolution: {integrity: sha512-YWWTjgABSKcvs/nWBi9PycY/JiPJqOD4JA6o9Sej2AtvSGarXxKC3OQSk4pAarbdQlKAh5D4FCQkJNkW+GAn3w==}
    engines: {node: '>=0.6'}

  readable-stream@3.6.2:
    resolution: {integrity: sha512-9u/sniCrY3D5WdsERHzHE4G2YCXqoG5FTHUiCC4SIbr6XcLZBY05ya9EKjYek9O5xOAwjGq+1JdGBAS7Q9ScoA==}
    engines: {node: '>= 6'}

  recursive-readdir@2.2.3:
    resolution: {integrity: sha512-8HrF5ZsXk5FAH9dgsx3BlUer73nIhuj+9OrQwEbLTPOBzGkL1lsFCR01am+v+0m2Cmbs1nP12hLDl5FA7EszKA==}
    engines: {node: '>=6.0.0'}

  safe-buffer@5.2.1:
    resolution: {integrity: sha512-rp3So07KcdmmKbGvgaNxQSJr7bGVSVk5S9Eq1F+ppbRo70+YeaDxkw5Dd8NPN+GD6bjnYm2VuPuCXmpuYvmCXQ==}

  safer-buffer@2.1.2:
    resolution: {integrity: sha512-YZo3K82SD7Riyi0E1EQPojLz7kpepnSQI9IyPbHHg1XXXevb5dJI7tpyN2ADxGcQbHG7vcyRHk0cbwqcQriUtg==}

  sax@1.4.1:
    resolution: {integrity: sha512-+aWOz7yVScEGoKNd4PA10LZ8sk0A/z5+nXQG5giUO5rprX9jgYsTdov9qCchZiPIZezbZH+jRut8nPodFAX4Jg==}

  semver@7.7.1:
    resolution: {integrity: sha512-hlq8tAfn0m/61p4BVRcPzIGr6LKiMwo4VM6dGi6pt4qcRkmNzTcWq6eCEjEh+qXjkMDvPlOFFSGwQjoEa6gyMA==}
    engines: {node: '>=10'}
    hasBin: true

  side-channel-list@1.0.0:
    resolution: {integrity: sha512-FCLHtRD/gnpCiCHEiJLOwdmFP+wzCmDEkc9y7NsYxeF4u7Btsn1ZuwgwJGxImImHicJArLP4R0yX4c2KCrMrTA==}
    engines: {node: '>= 0.4'}

  side-channel-map@1.0.1:
    resolution: {integrity: sha512-VCjCNfgMsby3tTdo02nbjtM/ewra6jPHmpThenkTYh8pG9ucZ/1P8So4u4FGBek/BjpOVsDCMoLA/iuBKIFXRA==}
    engines: {node: '>= 0.4'}

  side-channel-weakmap@1.0.2:
    resolution: {integrity: sha512-WPS/HvHQTYnHisLo9McqBHOJk2FkHO/tlpvldyrnem4aeQp4hai3gythswg6p01oSoTl58rcpiFAjF2br2Ak2A==}
    engines: {node: '>= 0.4'}

  side-channel@1.1.0:
    resolution: {integrity: sha512-ZX99e6tRweoUXqR+VBrslhda51Nh5MTQwou5tnUDgbtyM0dBgmhEDtWGP/xbKn6hqfPRHujUNwz5fy/wbbhnpw==}
    engines: {node: '>= 0.4'}

  soundcloud.ts@0.6.3:
    resolution: {integrity: sha512-Ri5bO0jQKKACijGP1/OVbWXhHREDST2T6QUSAPWlzQjUScXVyh+7YJfN1mTnyuAA7vZjKyZ1FMlWC2hKd7jmHQ==}

  spotify-uri@4.1.0:
    resolution: {integrity: sha512-SFpBt8pQqO7DOFBsdUjv3GxGZAKYP7UqcTflfE7h3YL1lynl/6Motq7NERoJJR8eF9kXQRSpcdMmV5ou84rbng==}
    engines: {node: '>= 16'}

  spotify-url-info@3.2.18:
    resolution: {integrity: sha512-apL7H8i+zpj3gnVxXrhEa1H6uBORC2iTExjw808/13Z6mBHJvsF6Dt4ZZF9E+J54n2p7KyGRxnpgm4nEvxsxjQ==}
    engines: {node: '>= 12'}

  spotify-web-api-node@5.0.2:
    resolution: {integrity: sha512-r82dRWU9PMimHvHEzL0DwEJrzFk+SMCVfq249SLt3I7EFez7R+jeoKQd+M1//QcnjqlXPs2am4DFsGk8/GCsrA==}

  st.db@5.1.4:
    resolution: {integrity: sha512-VFtPcyi44aD7eGdiKPz8cd7+/U5SxixJ9OiRpim6VbwvdImXFZGBVLW29x+cQYY89KwA5S3KrUnEqi6L8oMWyw==}

  string-crypto@2.0.2:
    resolution: {integrity: sha512-LhWeKBSpThCr/XEIltPNNfg9Rp10Ei/xPYANF2Y4ezaoXuF0fOU2vjwRfcaK1kgavkKkBqMWvh222cscP9myCA==}

  string_decoder@1.3.0:
    resolution: {integrity: sha512-hkRX8U1WjJFd8LsDJ2yQ/wWWxaopEsABU1XfkM8A+j0+85JAGppt16cr1Whg6KIbb4okU6Mql6BOj+uup/wKeA==}

  stuffs@0.1.43:
    resolution: {integrity: sha512-oZAsoeQijWdeh5+PeQq7EF0BuG33WxEF2tf9S9hwJRIZWsihBo2GkDvXfi/T0Ap5VQPZDRmkzpcBMrumcD8YkQ==}

  superagent@6.1.0:
    resolution: {integrity: sha512-OUDHEssirmplo3F+1HWKUrUjvnQuA+nZI6i/JJBdXb5eq9IyEQwPyPpqND+SSsxf6TygpBEkUjISVRN4/VOpeg==}
    engines: {node: '>= 7.0.0'}
    deprecated: Please upgrade to v9.0.0+ as we have fixed a public vulnerability with formidable dependency. Note that v9.0.0+ requires Node.js v14.18.0+. See https://github.com/ladjs/superagent/pull/1800 for insight. This project is supported and maintained by the team at Forward Email @ https://forwardemail.net

  supports-color@7.2.0:
    resolution: {integrity: sha512-qpCAvRl9stuOHveKsn7HncJRvv501qIacKzQlO/+Lwxc9+0q2wLyv4Dfvt80/DPn2pqOBsJdDiogXGR9+OvwRw==}
    engines: {node: '>=8'}

  tidal-music-api@1.2.1:
    resolution: {integrity: sha512-7Gu0ncHWIX2VJQYgLw9oNywkMC0JmVTjDpTQJU3mgfrf9ZqhoQwajhYKYmwsVcDiJcMUZx7UQDIFM3LgEw0MHw==}

  tiny-typed-emitter@2.1.0:
    resolution: {integrity: sha512-qVtvMxeXbVej0cQWKqVSSAHmKZEHAvxdF8HEUBFWts8h+xEo5m/lEiPakuyZ3BnCBjOD8i24kzNOiOLLgsSxhA==}

  tldts-core@6.1.85:
    resolution: {integrity: sha512-DTjUVvxckL1fIoPSb3KE7ISNtkWSawZdpfxGxwiIrZoO6EbHVDXXUIlIuWympPaeS+BLGyggozX/HTMsRAdsoA==}

  tldts@6.1.85:
    resolution: {integrity: sha512-gBdZ1RjCSevRPFix/hpaUWeak2/RNUZB4/8frF1r5uYMHjFptkiT0JXIebWvgI/0ZHXvxaUDDJshiA0j6GdL3w==}
    hasBin: true

  tough-cookie@5.1.2:
    resolution: {integrity: sha512-FVDYdxtnj0G6Qm/DhNPSb8Ju59ULcup3tuJxkFb5K8Bv2pUXILbf0xZWU8PX8Ov19OXljbUyveOFwRMwkXzO+A==}
    engines: {node: '>=16'}

  tr46@0.0.3:
    resolution: {integrity: sha512-N3WMsuqV66lT30CrXNbEjx4GEwlow3v6rr4mCcv6prnfwhS01rkgyFdjPNBYd9br7LpXV1+Emh01fHnq2Gdgrw==}

  ts-mixer@6.0.4:
    resolution: {integrity: sha512-ufKpbmrugz5Aou4wcr5Wc1UUFWOLhq+Fm6qa6P0w0K5Qw2yhaUoiWszhCVuNQyNwrlGiscHOmqYoAox1PtvgjA==}

  tslib@2.8.1:
    resolution: {integrity: sha512-oJFu94HQb+KVduSUQL7wnpmqnfmLsOA/nAh6b6EH0wCEoK0/mPeXU6c3wKDV83MkOuHPRHtSXKKU99IBazS/2w==}

  typescript@4.9.5:
    resolution: {integrity: sha512-1FXk9E2Hm+QzZQ7z+McJiHL4NW1F2EzMu9Nq9i3zAaGqibafqYwCVU6WyWAuyQRRzOlxou8xZSyXLEN8oKj24g==}
    engines: {node: '>=4.2.0'}
    hasBin: true

  undici-types@6.20.0:
    resolution: {integrity: sha512-Ny6QZ2Nju20vw1SRHe3d9jVu6gJ+4e3+MMpqu7pqE5HT6WsTSlce++GQmK5UXS8mzV8DSYHrQH+Xrf2jVcuKNg==}

  undici@5.29.0:
    resolution: {integrity: sha512-raqeBD6NQK4SkWhQzeYKd1KmIG6dllBOTt55Rmkt4HtI9mwdWtJljnrXjAFUBLTSN67HWrOIZ3EPF4kjUw80Bg==}
    engines: {node: '>=14.0'}

  undici@6.21.1:
    resolution: {integrity: sha512-q/1rj5D0/zayJB2FraXdaWxbhWiNKDvu8naDT2dl1yTlvJp4BLtOcp2a5BvgGNQpYYJzau7tf1WgKv3b+7mqpQ==}
    engines: {node: '>=18.17'}

  undici@6.21.2:
    resolution: {integrity: sha512-uROZWze0R0itiAKVPsYhFov9LxrPMHLMEQFszeI2gCN6bnIIZ8twzBCJcN2LJrBBLfrP0t1FW0g+JmKVl8Vk1g==}
    engines: {node: '>=18.17'}

  undici@7.5.0:
    resolution: {integrity: sha512-NFQG741e8mJ0fLQk90xKxFdaSM7z4+IQpAgsFI36bCDY9Z2+aXXZjVy2uUksMouWfMI9+w5ejOq5zYYTBCQJDQ==}
    engines: {node: '>=20.18.1'}

  unfetch@5.0.0:
    resolution: {integrity: sha512-3xM2c89siXg0nHvlmYsQ2zkLASvVMBisZm5lF3gFDqfF2xonNStDJyMpvaOBe0a1Edxmqrf2E0HBdmy9QyZaeg==}

  util-deprecate@1.0.2:
    resolution: {integrity: sha512-EPD5q1uXyFxJpCrLnCc1nHnq3gOa6DZBocAIiI2TaSCA7VCJ1UJDMagCzIkXNsUYfD1daK//LTEQ8xiIbrHtcw==}

  util@0.10.4:
    resolution: {integrity: sha512-0Pm9hTQ3se5ll1XihRic3FDIku70C+iHUdT/W926rSgHV5QgXsYbKZN8MSC3tJtSkhuROzvsQjAaFENRXr+19A==}

  web-streams-polyfill@3.3.3:
    resolution: {integrity: sha512-d2JWLCivmZYTSIoge9MsgFCZrt571BikcWGYkjC1khllbTeDlGqZ2D8vD8E/lJa8WGWbb7Plm8/XJYV7IJHZZw==}
    engines: {node: '>= 8'}

  webidl-conversions@3.0.1:
    resolution: {integrity: sha512-2JAn3z8AR6rjK8Sm8orRC0h/bcl/DqL7tRPdGZ4I1CjdF+EaMLmYxBHyXuKL849eucPFhvBoxMsflfOb8kxaeQ==}

  whatwg-url@5.0.0:
    resolution: {integrity: sha512-saE57nupxk6v3HY35+jzBwYa0rKSy0XR8JSxZPwgLr7ys0IBzhGviA1/TUGJLmSVqs8pb9AnvICXEuOHLprYTw==}

  ws@8.18.1:
    resolution: {integrity: sha512-RKW2aJZMXeMxVpnZ6bck+RswznaxmzdULiBr6KY7XkTnW8uvt0iT9H5DkHUChXrc+uurzwa0rVI16n/Xzjdz1w==}
    engines: {node: '>=10.0.0'}
    peerDependencies:
      bufferutil: ^4.0.1
      utf-8-validate: '>=5.0.2'
    peerDependenciesMeta:
      bufferutil:
        optional: true
      utf-8-validate:
        optional: true

  yaml@2.7.0:
    resolution: {integrity: sha512-+hSoy/QHluxmC9kCIJyL/uyFmLmc+e5CFR5Wa+bpIhIj85LVb9ZH2nVnqrHoSvKogwODv0ClqZkmiSSaIH5LTA==}
    engines: {node: '>= 14'}
    hasBin: true

snapshots:

  '@discordjs/builders@1.10.1':
    dependencies:
      '@discordjs/formatters': 0.6.0
      '@discordjs/util': 1.1.1
      '@sapphire/shapeshift': 4.0.0
      discord-api-types: 0.37.119
      fast-deep-equal: 3.1.3
      ts-mixer: 6.0.4
      tslib: 2.8.1

  '@discordjs/collection@1.5.3': {}

  '@discordjs/collection@2.1.1': {}

  '@discordjs/formatters@0.6.0':
    dependencies:
      discord-api-types: 0.37.119

  '@discordjs/rest@2.4.3':
    dependencies:
      '@discordjs/collection': 2.1.1
      '@discordjs/util': 1.1.1
      '@sapphire/async-queue': 1.5.5
      '@sapphire/snowflake': 3.5.3
      '@vladfrangu/async_event_emitter': 2.4.6
      discord-api-types: 0.37.119
      magic-bytes.js: 1.10.0
      tslib: 2.8.1
      undici: 6.21.1

  '@discordjs/util@1.1.1': {}

  '@discordjs/voice@0.18.0(opusscript@0.0.8)':
    dependencies:
      '@types/ws': 8.18.0
      discord-api-types: 0.37.119
      prism-media: 1.3.5(opusscript@0.0.8)
      tslib: 2.8.1
      ws: 8.18.1
    transitivePeerDependencies:
      - '@discordjs/opus'
      - bufferutil
      - ffmpeg-static
      - node-opus
      - opusscript
      - utf-8-validate

  '@discordjs/ws@1.2.1':
    dependencies:
      '@discordjs/collection': 2.1.1
      '@discordjs/rest': 2.4.3
      '@discordjs/util': 1.1.1
      '@sapphire/async-queue': 1.5.5
      '@types/ws': 8.18.0
      '@vladfrangu/async_event_emitter': 2.4.6
      discord-api-types: 0.37.119
      tslib: 2.8.1
      ws: 8.18.1
    transitivePeerDependencies:
      - bufferutil
      - utf-8-validate

  '@distube/deezer@2.0.1(distube@5.0.6(@discordjs/voice@0.18.0(opusscript@0.0.8))(discord.js@14.18.0))':
    dependencies:
      distube: 5.0.6(@discordjs/voice@0.18.0(opusscript@0.0.8))(discord.js@14.18.0)
      undici: 6.21.2

  '@distube/direct-link@1.0.1(distube@5.0.6(@discordjs/voice@0.18.0(opusscript@0.0.8))(discord.js@14.18.0))':
    dependencies:
      distube: 5.0.6(@discordjs/voice@0.18.0(opusscript@0.0.8))(discord.js@14.18.0)
      undici: 6.21.2

  '@distube/soundcloud@2.0.4(distube@5.0.6(@discordjs/voice@0.18.0(opusscript@0.0.8))(discord.js@14.18.0))':
    dependencies:
      distube: 5.0.6(@discordjs/voice@0.18.0(opusscript@0.0.8))(discord.js@14.18.0)
      soundcloud.ts: 0.6.3

  '@distube/spotify@2.0.2(distube@5.0.6(@discordjs/voice@0.18.0(opusscript@0.0.8))(discord.js@14.18.0))':
    dependencies:
      distube: 5.0.6(@discordjs/voice@0.18.0(opusscript@0.0.8))(discord.js@14.18.0)
      spotify-uri: 4.1.0
      spotify-url-info: 3.2.18
      spotify-web-api-node: 5.0.2
      undici: 6.21.2
    transitivePeerDependencies:
      - supports-color

  '@distube/youtube@1.0.4(distube@5.0.6(@discordjs/voice@0.18.0(opusscript@0.0.8))(discord.js@14.18.0))':
    dependencies:
      '@distube/ytdl-core': 4.16.5
      '@distube/ytpl': 1.2.1
      '@distube/ytsr': 2.0.4
      distube: 5.0.6(@discordjs/voice@0.18.0(opusscript@0.0.8))(discord.js@14.18.0)
    transitivePeerDependencies:
      - supports-color

  '@distube/yt-dlp@2.0.1(distube@5.0.6(@discordjs/voice@0.18.0(opusscript@0.0.8))(discord.js@14.18.0))':
    dependencies:
      dargs: 7.0.0
      distube: 5.0.6(@discordjs/voice@0.18.0(opusscript@0.0.8))(discord.js@14.18.0)
      undici: 6.21.2

  '@distube/ytdl-core@4.16.5':
    dependencies:
      http-cookie-agent: 6.0.8(tough-cookie@5.1.2)(undici@7.5.0)
      https-proxy-agent: 7.0.6
      m3u8stream: 0.8.6
      miniget: 4.2.3
      sax: 1.4.1
      tough-cookie: 5.1.2
      undici: 7.5.0
    transitivePeerDependencies:
      - supports-color

  '@distube/ytpl@1.2.1':
    dependencies:
      undici: 5.29.0

  '@distube/ytsr@2.0.4':
    dependencies:
      undici: 6.21.2

  '@fastify/busboy@2.1.1': {}

  '@sapphire/async-queue@1.5.5': {}

  '@sapphire/shapeshift@4.0.0':
    dependencies:
      fast-deep-equal: 3.1.3
      lodash: 4.17.21

  '@sapphire/snowflake@3.5.3': {}

  '@types/node@22.13.13':
    dependencies:
      undici-types: 6.20.0

  '@types/ws@8.18.0':
    dependencies:
      '@types/node': 22.13.13

  '@vladfrangu/async_event_emitter@2.4.6': {}

  agent-base@7.1.3: {}

  ansi-styles@4.3.0:
    dependencies:
      color-convert: 2.0.1

  asynckit@0.4.0: {}

  balanced-match@1.0.2: {}

  boolbase@1.0.0: {}

  brace-expansion@1.1.11:
    dependencies:
      balanced-match: 1.0.2
      concat-map: 0.0.1

  call-bind-apply-helpers@1.0.2:
    dependencies:
      es-errors: 1.3.0
      function-bind: 1.1.2

  call-bound@1.0.4:
    dependencies:
      call-bind-apply-helpers: 1.0.2
      get-intrinsic: 1.3.0

  camel-case@4.1.2:
    dependencies:
      pascal-case: 3.1.2
      tslib: 2.8.1

  chalk@4.1.2:
    dependencies:
      ansi-styles: 4.3.0
      supports-color: 7.2.0

  chillout@5.0.0: {}

  color-convert@2.0.1:
    dependencies:
      color-name: 1.1.4

  color-name@1.1.4: {}

  combined-stream@1.0.8:
    dependencies:
      delayed-stream: 1.0.0

  component-emitter@1.3.1: {}

  concat-map@0.0.1: {}

  cookiejar@2.1.4: {}

  css-select@5.1.0:
    dependencies:
      boolbase: 1.0.0
      css-what: 6.1.0
      domhandler: 5.0.3
      domutils: 3.2.2
      nth-check: 2.1.1

  css-what@6.1.0: {}

  dargs@7.0.0: {}

  data-uri-to-buffer@4.0.1: {}

  debug@4.4.0:
    dependencies:
      ms: 2.1.3

  delay@5.0.0: {}

  delayed-stream@1.0.0: {}

  discord-api-types@0.37.119: {}

  discord.js@14.18.0:
    dependencies:
      '@discordjs/builders': 1.10.1
      '@discordjs/collection': 1.5.3
      '@discordjs/formatters': 0.6.0
      '@discordjs/rest': 2.4.3
      '@discordjs/util': 1.1.1
      '@discordjs/ws': 1.2.1
      '@sapphire/snowflake': 3.5.3
      discord-api-types: 0.37.119
      fast-deep-equal: 3.1.3
      lodash.snakecase: 4.1.1
      tslib: 2.8.1
      undici: 6.21.1
    transitivePeerDependencies:
      - bufferutil
      - utf-8-validate

  distube-apple-music@0.1.0(distube@5.0.6(@discordjs/voice@0.18.0(opusscript@0.0.8))(discord.js@14.18.0)):
    dependencies:
      distube: 5.0.6(@discordjs/voice@0.18.0(opusscript@0.0.8))(discord.js@14.18.0)
      isomorphic-unfetch: 4.0.2
      node-html-parser: 6.1.13

  distube-tidal@0.1.0(distube@5.0.6(@discordjs/voice@0.18.0(opusscript@0.0.8))(discord.js@14.18.0)):
    dependencies:
      distube: 5.0.6(@discordjs/voice@0.18.0(opusscript@0.0.8))(discord.js@14.18.0)
      tidal-music-api: 1.2.1

  distube@5.0.6(@discordjs/voice@0.18.0(opusscript@0.0.8))(discord.js@14.18.0):
    dependencies:
      '@discordjs/voice': 0.18.0(opusscript@0.0.8)
      discord.js: 14.18.0
      tiny-typed-emitter: 2.1.0
      undici: 6.21.2

  dom-serializer@0.2.2:
    dependencies:
      domelementtype: 2.3.0
      entities: 2.2.0

  dom-serializer@2.0.0:
    dependencies:
      domelementtype: 2.3.0
      domhandler: 5.0.3
      entities: 4.5.0

  domelementtype@1.3.1: {}

  domelementtype@2.3.0: {}

  domhandler@2.4.2:
    dependencies:
      domelementtype: 1.3.1

  domhandler@5.0.3:
    dependencies:
      domelementtype: 2.3.0

  domutils@1.7.0:
    dependencies:
      dom-serializer: 0.2.2
      domelementtype: 1.3.1

  domutils@3.2.2:
    dependencies:
      dom-serializer: 2.0.0
      domelementtype: 2.3.0
      domhandler: 5.0.3

  dotenv@16.4.7: {}

  dunder-proto@1.0.1:
    dependencies:
      call-bind-apply-helpers: 1.0.2
      es-errors: 1.3.0
      gopd: 1.2.0

  encoding@0.1.13:
    dependencies:
      iconv-lite: 0.6.3

  entities@1.1.2: {}

  entities@2.2.0: {}

  entities@4.5.0: {}

  es-define-property@1.0.1: {}

  es-errors@1.3.0: {}

  es-object-atoms@1.1.1:
    dependencies:
      es-errors: 1.3.0

  es-set-tostringtag@2.1.0:
    dependencies:
      es-errors: 1.3.0
      get-intrinsic: 1.3.0
      has-tostringtag: 1.0.2
      hasown: 2.0.2

  fast-deep-equal@3.1.3: {}

  fast-safe-stringify@2.1.1: {}

  fetch-blob@3.2.0:
    dependencies:
      node-domexception: 1.0.0
      web-streams-polyfill: 3.3.3

  figlet@1.8.0: {}

  form-data@3.0.3:
    dependencies:
      asynckit: 0.4.0
      combined-stream: 1.0.8
      es-set-tostringtag: 2.1.0
      mime-types: 2.1.35

  formdata-polyfill@4.0.10:
    dependencies:
      fetch-blob: 3.2.0

  formidable@1.2.6: {}

  function-bind@1.1.2: {}

  get-intrinsic@1.3.0:
    dependencies:
      call-bind-apply-helpers: 1.0.2
      es-define-property: 1.0.1
      es-errors: 1.3.0
      es-object-atoms: 1.1.1
      function-bind: 1.1.2
      get-proto: 1.0.1
      gopd: 1.2.0
      has-symbols: 1.1.0
      hasown: 2.0.2
      math-intrinsics: 1.1.0

  get-proto@1.0.1:
    dependencies:
      dunder-proto: 1.0.1
      es-object-atoms: 1.1.1

  gopd@1.2.0: {}

  has-flag@4.0.0: {}

  has-symbols@1.1.0: {}

  has-tostringtag@1.0.2:
    dependencies:
      has-symbols: 1.1.0

  hasown@2.0.2:
    dependencies:
      function-bind: 1.1.2

  he@1.2.0: {}

  himalaya@1.1.0: {}

  html-to-text@5.1.1:
    dependencies:
      he: 1.2.0
      htmlparser2: 3.10.1
      lodash: 4.17.21
      minimist: 1.2.8

  htmlparser2@3.10.1:
    dependencies:
      domelementtype: 1.3.1
      domhandler: 2.4.2
      domutils: 1.7.0
      entities: 1.1.2
      inherits: 2.0.4
      readable-stream: 3.6.2

  http-cookie-agent@6.0.8(tough-cookie@5.1.2)(undici@7.5.0):
    dependencies:
      agent-base: 7.1.3
      tough-cookie: 5.1.2
    optionalDependencies:
      undici: 7.5.0

  https-proxy-agent@7.0.6:
    dependencies:
      agent-base: 7.1.3
      debug: 4.4.0
    transitivePeerDependencies:
      - supports-color

  iconv-lite@0.6.3:
    dependencies:
      safer-buffer: 2.1.2

  inherits@2.0.3: {}

  inherits@2.0.4: {}

  isomorphic-unfetch@4.0.2:
    dependencies:
      node-fetch: 3.3.2
      unfetch: 5.0.0

  itty-fetcher@0.9.4: {}

  libsodium-wrappers@0.7.15:
    dependencies:
      libsodium: 0.7.15

  libsodium@0.7.15: {}

  lodash.snakecase@4.1.1: {}

  lodash@4.17.21: {}

  lower-case@2.0.2:
    dependencies:
      tslib: 2.8.1

  lyrics-finder@21.7.0:
    dependencies:
      encoding: 0.1.13
      html-to-text: 5.1.1
      node-fetch: 2.7.0(encoding@0.1.13)

  m3u8stream@0.8.6:
    dependencies:
      miniget: 4.2.3
      sax: 1.4.1

  magic-bytes.js@1.10.0: {}

  math-intrinsics@1.1.0: {}

  methods@1.1.2: {}

  mime-db@1.52.0: {}

  mime-types@2.1.35:
    dependencies:
      mime-db: 1.52.0

  mime@2.6.0: {}

  miniget@4.2.3: {}

  minimatch@3.1.2:
    dependencies:
      brace-expansion: 1.1.11

  minimist@1.2.8: {}

  ms@2.1.3: {}

  no-case@3.0.4:
    dependencies:
      lower-case: 2.0.2
      tslib: 2.8.1

  node-domexception@1.0.0: {}

  node-fetch@2.7.0(encoding@0.1.13):
    dependencies:
      whatwg-url: 5.0.0
    optionalDependencies:
      encoding: 0.1.13

  node-fetch@3.3.2:
    dependencies:
      data-uri-to-buffer: 4.0.1
      fetch-blob: 3.2.0
      formdata-polyfill: 4.0.10

  node-html-parser@6.1.13:
    dependencies:
      css-select: 5.1.0
      he: 1.2.0

  nth-check@2.1.1:
    dependencies:
      boolbase: 1.0.0

  object-inspect@1.13.4: {}

  opusscript@0.0.8: {}

  pascal-case@3.1.2:
    dependencies:
      no-case: 3.0.4
      tslib: 2.8.1

  path@0.12.7:
    dependencies:
      process: 0.11.10
      util: 0.10.4

  plsargs@0.1.6:
    dependencies:
      camel-case: 4.1.2
      tslib: 2.8.1

  prism-media@1.3.5(opusscript@0.0.8):
    optionalDependencies:
      opusscript: 0.0.8

  process@0.11.10: {}

  qs@6.14.0:
    dependencies:
      side-channel: 1.1.0

  readable-stream@3.6.2:
    dependencies:
      inherits: 2.0.4
      string_decoder: 1.3.0
      util-deprecate: 1.0.2

  recursive-readdir@2.2.3:
    dependencies:
      minimatch: 3.1.2

  safe-buffer@5.2.1: {}

  safer-buffer@2.1.2: {}

  sax@1.4.1: {}

  semver@7.7.1: {}

  side-channel-list@1.0.0:
    dependencies:
      es-errors: 1.3.0
      object-inspect: 1.13.4

  side-channel-map@1.0.1:
    dependencies:
      call-bound: 1.0.4
      es-errors: 1.3.0
      get-intrinsic: 1.3.0
      object-inspect: 1.13.4

  side-channel-weakmap@1.0.2:
    dependencies:
      call-bound: 1.0.4
      es-errors: 1.3.0
      get-intrinsic: 1.3.0
      object-inspect: 1.13.4
      side-channel-map: 1.0.1

  side-channel@1.1.0:
    dependencies:
      es-errors: 1.3.0
      object-inspect: 1.13.4
      side-channel-list: 1.0.0
      side-channel-map: 1.0.1
      side-channel-weakmap: 1.0.2

  soundcloud.ts@0.6.3: {}

  spotify-uri@4.1.0: {}

  spotify-url-info@3.2.18:
    dependencies:
      himalaya: 1.1.0
      spotify-uri: 4.1.0

  spotify-web-api-node@5.0.2:
    dependencies:
      superagent: 6.1.0
    transitivePeerDependencies:
      - supports-color

  st.db@5.1.4:
    dependencies:
      string-crypto: 2.0.2
      typescript: 4.9.5
      yaml: 2.7.0

  string-crypto@2.0.2: {}

  string_decoder@1.3.0:
    dependencies:
      safe-buffer: 5.2.1

  stuffs@0.1.43: {}

  superagent@6.1.0:
    dependencies:
      component-emitter: 1.3.1
      cookiejar: 2.1.4
      debug: 4.4.0
      fast-safe-stringify: 2.1.1
      form-data: 3.0.3
      formidable: 1.2.6
      methods: 1.1.2
      mime: 2.6.0
      qs: 6.14.0
      readable-stream: 3.6.2
      semver: 7.7.1
    transitivePeerDependencies:
      - supports-color

  supports-color@7.2.0:
    dependencies:
      has-flag: 4.0.0

  tidal-music-api@1.2.1:
    dependencies:
      itty-fetcher: 0.9.4

  tiny-typed-emitter@2.1.0: {}

  tldts-core@6.1.85: {}

  tldts@6.1.85:
    dependencies:
      tldts-core: 6.1.85

  tough-cookie@5.1.2:
    dependencies:
      tldts: 6.1.85

  tr46@0.0.3: {}

  ts-mixer@6.0.4: {}

  tslib@2.8.1: {}

  typescript@4.9.5: {}

  undici-types@6.20.0: {}

  undici@5.29.0:
    dependencies:
      '@fastify/busboy': 2.1.1

  undici@6.21.1: {}

  undici@6.21.2: {}

  undici@7.5.0: {}

  unfetch@5.0.0: {}

  util-deprecate@1.0.2: {}

  util@0.10.4:
    dependencies:
      inherits: 2.0.3

  web-streams-polyfill@3.3.3: {}

  webidl-conversions@3.0.1: {}

  whatwg-url@5.0.0:
    dependencies:
      tr46: 0.0.3
      webidl-conversions: 3.0.1

  ws@8.18.1: {}

  yaml@2.7.0: {}
